<?xml version="1.0" encoding="utf-8"?>
<Project ToolsVersion="4.0" xmlns="http://schemas.microsoft.com/developer/msbuild/2003">
  <ItemGroup>
    <ClCompile Include="entry.cpp" />
    <ClCompile Include="functions.cpp">
      <Filter>unrealengine</Filter>
    </ClCompile>
    <ClCompile Include="hooks.cpp">
      <Filter>hooks</Filter>
    </ClCompile>
    <ClCompile Include="Menu\config.cpp" />
  </ItemGroup>
  <ItemGroup>
    <ClInclude Include="includes.hpp" />
    <ClInclude Include="xor.hpp">
      <Filter>protection</Filter>
    </ClInclude>
    <ClInclude Include="importer.hpp">
      <Filter>protection</Filter>
    </ClInclude>
    <ClInclude Include="crt.hpp">
      <Filter>memory</Filter>
    </ClInclude>
    <ClInclude Include="definitions.hpp">
      <Filter>memory</Filter>
    </ClInclude>
    <ClInclude Include="math.hpp">
      <Filter>unrealengine</Filter>
    </ClInclude>
    <ClInclude Include="structs.hpp">
      <Filter>unrealengine</Filter>
    </ClInclude>
    <ClInclude Include="functions.hpp">
      <Filter>unrealengine</Filter>
    </ClInclude>
    <ClInclude Include="hooks.hpp">
      <Filter>hooks</Filter>
    </ClInclude>
    <ClInclude Include="memory.hpp" />
    <ClInclude Include="Menu\canva.hpp" />
    <ClInclude Include="Menu\menu.hpp" />
    <ClInclude Include="ret_spoof.h" />
    <ClInclude Include="offsets.hpp" />
    <ClInclude Include="cofing.h" />
    <ClInclude Include="Menu\config.h" />
    <ClInclude Include="xorstr.hpp" />
    <ClInclude Include="spoof.h" />
    <ClInclude Include="mfa_bypass.hpp" />
  </ItemGroup>
  <ItemGroup>
    <Filter Include="protection">
      <UniqueIdentifier>{332d8102-b1f4-4917-a06c-a771b94de2b6}</UniqueIdentifier>
    </Filter>
    <Filter Include="memory">
      <UniqueIdentifier>{ec91a815-505c-4cb2-99c5-0ddf472c115f}</UniqueIdentifier>
    </Filter>
    <Filter Include="unrealengine">
      <UniqueIdentifier>{bc14127e-ccd7-4266-aaa5-a10f28d720a0}</UniqueIdentifier>
    </Filter>
    <Filter Include="hooks">
      <UniqueIdentifier>{f9b82c1a-442d-4c18-85c1-a7bfcca8931e}</UniqueIdentifier>
    </Filter>
  </ItemGroup>
  <ItemGroup>
    <None Include="shadow_vmt.hpp">
      <Filter>memory</Filter>
    </None>
  </ItemGroup>
  <ItemGroup>
    <MASM Include="ret.asm" />
    <MASM Include="hooks.asm" />
  </ItemGroup>
</Project>